
Microsoft Visual Studio Solution File, Format Version 12.00
# Visual Studio 15
VisualStudioVersion = 15.0.27130.2026
MinimumVisualStudioVersion = 10.0.40219.1
Project("{9A19103F-16F7-4668-BE54-9A1E7A4F7556}") = "SharpFloat", "SharpFloat\SharpFloat.csproj", "{A2CA5D91-878D-45E0-B26D-553D5058A0B6}"
EndProject
Project("{2150E333-8FDC-42A3-9474-1A3956D46DE8}") = "Solution Items", "Solution Items", "{14F01D46-F0CD-4C8F-86C0-7243A7597726}"
	ProjectSection(SolutionItems) = preProject
		.gitignore = .gitignore
		COPYING.txt = COPYING.txt
	EndProjectSection
EndProject
Project("{9A19103F-16F7-4668-BE54-9A1E7A4F7556}") = "SharpFloatTests", "SharpFloatTests\SharpFloatTests.csproj", "{EDE92716-0EAA-4B38-A5E6-C5ACE9DA9949}"
EndProject
Project("{FAE04EC0-301F-11D3-BF4B-00C04F79EFBC}") = "SharpFloatTestFloatRunner", "SharpFloatTestFloatRunner\SharpFloatTestFloatRunner.csproj", "{73F27A50-34E4-46E8-B587-0898C8D2416D}"
EndProject
Global
	GlobalSection(SolutionConfigurationPlatforms) = preSolution
		Debug|Any CPU = Debug|Any CPU
		Release|Any CPU = Release|Any CPU
	EndGlobalSection
	GlobalSection(ProjectConfigurationPlatforms) = postSolution
		{A2CA5D91-878D-45E0-B26D-553D5058A0B6}.Debug|Any CPU.ActiveCfg = Debug|Any CPU
		{A2CA5D91-878D-45E0-B26D-553D5058A0B6}.Debug|Any CPU.Build.0 = Debug|Any CPU
		{A2CA5D91-878D-45E0-B26D-553D5058A0B6}.Release|Any CPU.ActiveCfg = Release|Any CPU
		{A2CA5D91-878D-45E0-B26D-553D5058A0B6}.Release|Any CPU.Build.0 = Release|Any CPU
		{EDE92716-0EAA-4B38-A5E6-C5ACE9DA9949}.Debug|Any CPU.ActiveCfg = Debug|Any CPU
		{EDE92716-0EAA-4B38-A5E6-C5ACE9DA9949}.Debug|Any CPU.Build.0 = Debug|Any CPU
		{EDE92716-0EAA-4B38-A5E6-C5ACE9DA9949}.Release|Any CPU.ActiveCfg = Release|Any CPU
		{EDE92716-0EAA-4B38-A5E6-C5ACE9DA9949}.Release|Any CPU.Build.0 = Release|Any CPU
		{73F27A50-34E4-46E8-B587-0898C8D2416D}.Debug|Any CPU.ActiveCfg = Debug|Any CPU
		{73F27A50-34E4-46E8-B587-0898C8D2416D}.Debug|Any CPU.Build.0 = Debug|Any CPU
		{73F27A50-34E4-46E8-B587-0898C8D2416D}.Release|Any CPU.ActiveCfg = Release|Any CPU
		{73F27A50-34E4-46E8-B587-0898C8D2416D}.Release|Any CPU.Build.0 = Release|Any CPU
	EndGlobalSection
	GlobalSection(SolutionProperties) = preSolution
		HideSolutionNode = FALSE
	EndGlobalSection
	GlobalSection(ExtensibilityGlobals) = postSolution
		SolutionGuid = {A586EB99-5C63-487D-99FE-88DCB4B2819A}
	EndGlobalSection
EndGlobal
